
Microsoft Visual Studio Solution File, Format Version 12.00
# Visual Studio Version 17
VisualStudioVersion = 17.13.35919.96
MinimumVisualStudioVersion = 10.0.40219.1
Project("{FAE04EC0-301F-11D3-BF4B-00C04F79EFBC}") = "FirstBlazorApp", "FirstBlazorApp\FirstBlazorApp.csproj", "{F806FEF8-B976-4CFC-9D9A-18D6DA04F147}"
EndProject
Global
	GlobalSection(SolutionConfigurationPlatforms) = preSolution
		Debug|Any CPU = Debug|Any CPU
		Release|Any CPU = Release|Any CPU
	EndGlobalSection
	GlobalSection(ProjectConfigurationPlatforms) = postSolution
		{F806FEF8-B976-4CFC-9D9A-18D6DA04F147}.Debug|Any CPU.ActiveCfg = Debug|Any CPU
		{F806FEF8-B976-4CFC-9D9A-18D6DA04F147}.Debug|Any CPU.Build.0 = Debug|Any CPU
		{F806FEF8-B976-4CFC-9D9A-18D6DA04F147}.Release|Any CPU.ActiveCfg = Release|Any CPU
		{F806FEF8-B976-4CFC-9D9A-18D6DA04F147}.Release|Any CPU.Build.0 = Release|Any CPU
	EndGlobalSection
	GlobalSection(SolutionProperties) = preSolution
		HideSolutionNode = FALSE
	EndGlobalSection
	GlobalSection(ExtensibilityGlobals) = postSolution
		SolutionGuid = {18187364-2C80-4EFB-8220-50460C054790}
	EndGlobalSection
EndGlobal
